// !$*UTF8*$!
{
	archiveVersion = 1;
	classes = {
	};
	objectVersion = 55;
	objects = {

/* Begin PBXBuildFile section */
		4307BEE528C7694C00465C9F /* AsyncQueue.swift in Sources */ = {isa = PBXBuildFile; fileRef = 4307BEE428C7694C00465C9F /* AsyncQueue.swift */; };
		4307BEE728C7945E00465C9F /* ProfileView.swift in Sources */ = {isa = PBXBuildFile; fileRef = 4307BEE628C7945E00465C9F /* ProfileView.swift */; };
		4311B14F28C62CBA00FC0EA1 /* UserDefaults+AppPrefs.swift in Sources */ = {isa = PBXBuildFile; fileRef = 4311B14E28C62CBA00FC0EA1 /* UserDefaults+AppPrefs.swift */; };
		4326ACDA28D66487007BCCDA /* Sentry in Frameworks */ = {isa = PBXBuildFile; productRef = 4326ACD928D66487007BCCDA /* Sentry */; };
		4326ACE128D87D53007BCCDA /* HapticFeedbackController.swift in Sources */ = {isa = PBXBuildFile; fileRef = 4326ACE028D87D53007BCCDA /* HapticFeedbackController.swift */; };
		4346FA7328D36C8A009A0594 /* ContecSpirometer.xcdatamodeld in Sources */ = {isa = PBXBuildFile; fileRef = 4346FA7128D36C8A009A0594 /* ContecSpirometer.xcdatamodeld */; };
		4346FA7528D36E55009A0594 /* PersistenceController.swift in Sources */ = {isa = PBXBuildFile; fileRef = 4346FA7428D36E55009A0594 /* PersistenceController.swift */; };
		435509D828D48D50005ECCB5 /* ConnectLabel.swift in Sources */ = {isa = PBXBuildFile; fileRef = 435509D728D48D50005ECCB5 /* ConnectLabel.swift */; };
		437A5C4F28C2270A00064C10 /* README.md in Resources */ = {isa = PBXBuildFile; fileRef = 437A5C4E28C2270A00064C10 /* README.md */; };
		437A5C5128C22AEE00064C10 /* RecordLabel.swift in Sources */ = {isa = PBXBuildFile; fileRef = 437A5C5028C22AEE00064C10 /* RecordLabel.swift */; };
		43B17FED28CE7C5400D9475E /* RecordView.swift in Sources */ = {isa = PBXBuildFile; fileRef = 43B17FEC28CE7C5400D9475E /* RecordView.swift */; };
		43D5867F28D5FC350029E5E7 /* View+NavigationBarTitle.swift in Sources */ = {isa = PBXBuildFile; fileRef = 43D5867E28D5FC350029E5E7 /* View+NavigationBarTitle.swift */; };
		43E60A5B28CE588F0099088A /* Localizable.strings in Resources */ = {isa = PBXBuildFile; fileRef = 43E60A5D28CE588F0099088A /* Localizable.strings */; };
		43E60A6028CE5C280099088A /* LocalizedString+.swift in Sources */ = {isa = PBXBuildFile; fileRef = 43E60A5F28CE5C280099088A /* LocalizedString+.swift */; };
		43F39C5528BD07130098C96A /* spirometerApp.swift in Sources */ = {isa = PBXBuildFile; fileRef = 43F39C5428BD07130098C96A /* spirometerApp.swift */; };
		43F39C5728BD07130098C96A /* RootView.swift in Sources */ = {isa = PBXBuildFile; fileRef = 43F39C5628BD07130098C96A /* RootView.swift */; };
		43F39C5928BD07150098C96A /* Assets.xcassets in Resources */ = {isa = PBXBuildFile; fileRef = 43F39C5828BD07150098C96A /* Assets.xcassets */; };
		43F39C5C28BD07150098C96A /* Preview Assets.xcassets in Resources */ = {isa = PBXBuildFile; fileRef = 43F39C5B28BD07150098C96A /* Preview Assets.xcassets */; };
		43F39C6428BD07A10098C96A /* ContecSDK.swift in Sources */ = {isa = PBXBuildFile; fileRef = 43F39C6328BD07A10098C96A /* ContecSDK.swift */; };
		43F39C6628BD07E20098C96A /* ContecDeviceController.swift in Sources */ = {isa = PBXBuildFile; fileRef = 43F39C6528BD07E20098C96A /* ContecDeviceController.swift */; };
		43F39C6828BD08250098C96A /* DataSerializer.swift in Sources */ = {isa = PBXBuildFile; fileRef = 43F39C6728BD08250098C96A /* DataSerializer.swift */; };
		43F39C6A28BD08E00098C96A /* ResultDataController.swift in Sources */ = {isa = PBXBuildFile; fileRef = 43F39C6928BD08E00098C96A /* ResultDataController.swift */; };
		43F39C6D28BD09040098C96A /* Models.swift in Sources */ = {isa = PBXBuildFile; fileRef = 43F39C6C28BD09040098C96A /* Models.swift */; };
		43F79A2F28BF45F7009102CB /* ConnectView.swift in Sources */ = {isa = PBXBuildFile; fileRef = 43F79A2E28BF45F7009102CB /* ConnectView.swift */; };
		43F79A3128BF4607009102CB /* MainView.swift in Sources */ = {isa = PBXBuildFile; fileRef = 43F79A3028BF4607009102CB /* MainView.swift */; };
		43F79A3328BF8375009102CB /* BLEController.swift in Sources */ = {isa = PBXBuildFile; fileRef = 43F79A3228BF8375009102CB /* BLEController.swift */; };
/* End PBXBuildFile section */

/* Begin PBXFileReference section */
		4307BEE428C7694C00465C9F /* AsyncQueue.swift */ = {isa = PBXFileReference; lastKnownFileType = sourcecode.swift; path = AsyncQueue.swift; sourceTree = "<group>"; };
		4307BEE628C7945E00465C9F /* ProfileView.swift */ = {isa = PBXFileReference; lastKnownFileType = sourcecode.swift; path = ProfileView.swift; sourceTree = "<group>"; };
		4311B14E28C62CBA00FC0EA1 /* UserDefaults+AppPrefs.swift */ = {isa = PBXFileReference; lastKnownFileType = sourcecode.swift; path = "UserDefaults+AppPrefs.swift"; sourceTree = "<group>"; };
		4311B15028C6354500FC0EA1 /* spirometer.entitlements */ = {isa = PBXFileReference; lastKnownFileType = text.plist.entitlements; path = spirometer.entitlements; sourceTree = "<group>"; };
		4326ACDD28D6843C007BCCDA /* en-GB */ = {isa = PBXFileReference; lastKnownFileType = text.plist.strings; name = "en-GB"; path = "en-GB.lproj/Localizable.strings"; sourceTree = "<group>"; };
		4326ACE028D87D53007BCCDA /* HapticFeedbackController.swift */ = {isa = PBXFileReference; lastKnownFileType = sourcecode.swift; path = HapticFeedbackController.swift; sourceTree = "<group>"; };
		4346FA7228D36C8A009A0594 /* ContecSpirometer.xcdatamodel */ = {isa = PBXFileReference; lastKnownFileType = wrapper.xcdatamodel; path = ContecSpirometer.xcdatamodel; sourceTree = "<group>"; };
		4346FA7428D36E55009A0594 /* PersistenceController.swift */ = {isa = PBXFileReference; lastKnownFileType = sourcecode.swift; path = PersistenceController.swift; sourceTree = "<group>"; };
		435509D728D48D50005ECCB5 /* ConnectLabel.swift */ = {isa = PBXFileReference; lastKnownFileType = sourcecode.swift; path = ConnectLabel.swift; sourceTree = "<group>"; };
		437A5C4E28C2270A00064C10 /* README.md */ = {isa = PBXFileReference; fileEncoding = 4; lastKnownFileType = net.daringfireball.markdown; path = README.md; sourceTree = "<group>"; };
		437A5C5028C22AEE00064C10 /* RecordLabel.swift */ = {isa = PBXFileReference; lastKnownFileType = sourcecode.swift; path = RecordLabel.swift; sourceTree = "<group>"; };
		43B17FEC28CE7C5400D9475E /* RecordView.swift */ = {isa = PBXFileReference; lastKnownFileType = sourcecode.swift; path = RecordView.swift; sourceTree = "<group>"; };
		43D5867E28D5FC350029E5E7 /* View+NavigationBarTitle.swift */ = {isa = PBXFileReference; lastKnownFileType = sourcecode.swift; path = "View+NavigationBarTitle.swift"; sourceTree = "<group>"; };
		43E60A5C28CE588F0099088A /* en */ = {isa = PBXFileReference; lastKnownFileType = text.plist.strings; name = en; path = en.lproj/Localizable.strings; sourceTree = "<group>"; };
		43E60A5E28CE58940099088A /* ru */ = {isa = PBXFileReference; lastKnownFileType = text.plist.strings; name = ru; path = ru.lproj/Localizable.strings; sourceTree = "<group>"; };
		43E60A5F28CE5C280099088A /* LocalizedString+.swift */ = {isa = PBXFileReference; lastKnownFileType = sourcecode.swift; path = "LocalizedString+.swift"; sourceTree = "<group>"; };
		43F39C5128BD07130098C96A /* Contec Spirometer.app */ = {isa = PBXFileReference; explicitFileType = wrapper.application; includeInIndex = 0; path = "Contec Spirometer.app"; sourceTree = BUILT_PRODUCTS_DIR; };
		43F39C5428BD07130098C96A /* spirometerApp.swift */ = {isa = PBXFileReference; lastKnownFileType = sourcecode.swift; path = spirometerApp.swift; sourceTree = "<group>"; };
		43F39C5628BD07130098C96A /* RootView.swift */ = {isa = PBXFileReference; lastKnownFileType = sourcecode.swift; path = RootView.swift; sourceTree = "<group>"; };
		43F39C5828BD07150098C96A /* Assets.xcassets */ = {isa = PBXFileReference; lastKnownFileType = folder.assetcatalog; path = Assets.xcassets; sourceTree = "<group>"; };
		43F39C5B28BD07150098C96A /* Preview Assets.xcassets */ = {isa = PBXFileReference; lastKnownFileType = folder.assetcatalog; path = "Preview Assets.xcassets"; sourceTree = "<group>"; };
		43F39C6328BD07A10098C96A /* ContecSDK.swift */ = {isa = PBXFileReference; lastKnownFileType = sourcecode.swift; path = ContecSDK.swift; sourceTree = "<group>"; };
		43F39C6528BD07E20098C96A /* ContecDeviceController.swift */ = {isa = PBXFileReference; lastKnownFileType = sourcecode.swift; path = ContecDeviceController.swift; sourceTree = "<group>"; };
		43F39C6728BD08250098C96A /* DataSerializer.swift */ = {isa = PBXFileReference; lastKnownFileType = sourcecode.swift; path = DataSerializer.swift; sourceTree = "<group>"; };
		43F39C6928BD08E00098C96A /* ResultDataController.swift */ = {isa = PBXFileReference; lastKnownFileType = sourcecode.swift; path = ResultDataController.swift; sourceTree = "<group>"; };
		43F39C6C28BD09040098C96A /* Models.swift */ = {isa = PBXFileReference; lastKnownFileType = sourcecode.swift; path = Models.swift; sourceTree = "<group>"; };
		43F79A2E28BF45F7009102CB /* ConnectView.swift */ = {isa = PBXFileReference; lastKnownFileType = sourcecode.swift; path = ConnectView.swift; sourceTree = "<group>"; };
		43F79A3028BF4607009102CB /* MainView.swift */ = {isa = PBXFileReference; lastKnownFileType = sourcecode.swift; path = MainView.swift; sourceTree = "<group>"; };
		43F79A3228BF8375009102CB /* BLEController.swift */ = {isa = PBXFileReference; lastKnownFileType = sourcecode.swift; path = BLEController.swift; sourceTree = "<group>"; };
/* End PBXFileReference section */

/* Begin PBXFrameworksBuildPhase section */
		43F39C4E28BD07130098C96A /* Frameworks */ = {
			isa = PBXFrameworksBuildPhase;
			buildActionMask = 2147483647;
			files = (
				4326ACDA28D66487007BCCDA /* Sentry in Frameworks */,
			);
			runOnlyForDeploymentPostprocessing = 0;
		};
/* End PBXFrameworksBuildPhase section */

/* Begin PBXGroup section */
		43D5867D28D5FB1A0029E5E7 /* Utils */ = {
			isa = PBXGroup;
			children = (
				43E60A5F28CE5C280099088A /* LocalizedString+.swift */,
				4311B14E28C62CBA00FC0EA1 /* UserDefaults+AppPrefs.swift */,
				43D5867E28D5FC350029E5E7 /* View+NavigationBarTitle.swift */,
				4326ACE028D87D53007BCCDA /* HapticFeedbackController.swift */,
			);
			path = Utils;
			sourceTree = "<group>";
		};
		43D5868028D602220029E5E7 /* Data */ = {
			isa = PBXGroup;
			children = (
				4346FA7128D36C8A009A0594 /* ContecSpirometer.xcdatamodeld */,
				4346FA7428D36E55009A0594 /* PersistenceController.swift */,
			);
			path = Data;
			sourceTree = "<group>";
		};
		43F39C4828BD07130098C96A = {
			isa = PBXGroup;
			children = (
				437A5C4E28C2270A00064C10 /* README.md */,
				43F39C5328BD07130098C96A /* spirometer */,
				43F39C5228BD07130098C96A /* Products */,
			);
			sourceTree = "<group>";
		};
		43F39C5228BD07130098C96A /* Products */ = {
			isa = PBXGroup;
			children = (
				43F39C5128BD07130098C96A /* Contec Spirometer.app */,
			);
			name = Products;
			sourceTree = "<group>";
		};
		43F39C5328BD07130098C96A /* spirometer */ = {
			isa = PBXGroup;
			children = (
				43D5868028D602220029E5E7 /* Data */,
				43D5867D28D5FB1A0029E5E7 /* Utils */,
				4311B15028C6354500FC0EA1 /* spirometer.entitlements */,
				43F39C6228BD074A0098C96A /* ContecSDK */,
				43F39C5428BD07130098C96A /* spirometerApp.swift */,
				43F39C5628BD07130098C96A /* RootView.swift */,
				43F39C5828BD07150098C96A /* Assets.xcassets */,
				43F39C5A28BD07150098C96A /* Preview Content */,
				43F79A2E28BF45F7009102CB /* ConnectView.swift */,
				43F79A3028BF4607009102CB /* MainView.swift */,
				43F79A3228BF8375009102CB /* BLEController.swift */,
				437A5C5028C22AEE00064C10 /* RecordLabel.swift */,
				4307BEE628C7945E00465C9F /* ProfileView.swift */,
				43E60A5D28CE588F0099088A /* Localizable.strings */,
				43B17FEC28CE7C5400D9475E /* RecordView.swift */,
				435509D728D48D50005ECCB5 /* ConnectLabel.swift */,
			);
			path = spirometer;
			sourceTree = "<group>";
		};
		43F39C5A28BD07150098C96A /* Preview Content */ = {
			isa = PBXGroup;
			children = (
				43F39C5B28BD07150098C96A /* Preview Assets.xcassets */,
			);
			path = "Preview Content";
			sourceTree = "<group>";
		};
		43F39C6228BD074A0098C96A /* ContecSDK */ = {
			isa = PBXGroup;
			children = (
				43F39C6328BD07A10098C96A /* ContecSDK.swift */,
				43F39C6528BD07E20098C96A /* ContecDeviceController.swift */,
				43F39C6728BD08250098C96A /* DataSerializer.swift */,
				43F39C6928BD08E00098C96A /* ResultDataController.swift */,
				43F39C6C28BD09040098C96A /* Models.swift */,
				4307BEE428C7694C00465C9F /* AsyncQueue.swift */,
			);
			path = ContecSDK;
			sourceTree = "<group>";
		};
/* End PBXGroup section */

/* Begin PBXNativeTarget section */
		43F39C5028BD07130098C96A /* Contec Spirometer */ = {
			isa = PBXNativeTarget;
			buildConfigurationList = 43F39C5F28BD07150098C96A /* Build configuration list for PBXNativeTarget "Contec Spirometer" */;
			buildPhases = (
				43F39C4D28BD07130098C96A /* Sources */,
				43F39C4E28BD07130098C96A /* Frameworks */,
				43F39C4F28BD07130098C96A /* Resources */,
				4326ACDB28D66C47007BCCDA /* Upload Debug Symbols to Sentry */,
			);
			buildRules = (
			);
			dependencies = (
			);
			name = "Contec Spirometer";
			packageProductDependencies = (
				4326ACD928D66487007BCCDA /* Sentry */,
			);
			productName = spirometer;
			productReference = 43F39C5128BD07130098C96A /* Contec Spirometer.app */;
			productType = "com.apple.product-type.application";
		};
/* End PBXNativeTarget section */

/* Begin PBXProject section */
		43F39C4928BD07130098C96A /* Project object */ = {
			isa = PBXProject;
			attributes = {
				BuildIndependentTargetsInParallel = 1;
				LastSwiftUpdateCheck = 1340;
				LastUpgradeCheck = 1400;
				ORGANIZATIONNAME = "OOO Telepat";
				TargetAttributes = {
					43F39C5028BD07130098C96A = {
						CreatedOnToolsVersion = 13.4.1;
					};
				};
			};
			buildConfigurationList = 43F39C4C28BD07130098C96A /* Build configuration list for PBXProject "Contec Spirometer" */;
			compatibilityVersion = "Xcode 13.0";
			developmentRegion = en;
			hasScannedForEncodings = 0;
			knownRegions = (
				en,
				ru,
				Base,
				"en-GB",
			);
			mainGroup = 43F39C4828BD07130098C96A;
			packageReferences = (
				4326ACD828D66487007BCCDA /* XCRemoteSwiftPackageReference "sentry-cocoa" */,
			);
			productRefGroup = 43F39C5228BD07130098C96A /* Products */;
			projectDirPath = "";
			projectRoot = "";
			targets = (
				43F39C5028BD07130098C96A /* Contec Spirometer */,
			);
		};
/* End PBXProject section */

/* Begin PBXResourcesBuildPhase section */
		43F39C4F28BD07130098C96A /* Resources */ = {
			isa = PBXResourcesBuildPhase;
			buildActionMask = 2147483647;
			files = (
				437A5C4F28C2270A00064C10 /* README.md in Resources */,
				43E60A5B28CE588F0099088A /* Localizable.strings in Resources */,
				43F39C5C28BD07150098C96A /* Preview Assets.xcassets in Resources */,
				43F39C5928BD07150098C96A /* Assets.xcassets in Resources */,
			);
			runOnlyForDeploymentPostprocessing = 0;
		};
/* End PBXResourcesBuildPhase section */

/* Begin PBXShellScriptBuildPhase section */
		4326ACDB28D66C47007BCCDA /* Upload Debug Symbols to Sentry */ = {
			isa = PBXShellScriptBuildPhase;
			alwaysOutOfDate = 1;
			buildActionMask = 8;
			files = (
			);
			inputFileListPaths = (
			);
			inputPaths = (
				"$(SRCROOT)/${DWARF_DSYM_FOLDER_PATH}/${DWARF_DSYM_FILE_NAME}/Contents/Resources/DWARF/${TARGET_NAME}",
			);
			name = "Upload Debug Symbols to Sentry";
			outputFileListPaths = (
			);
			outputPaths = (
			);
			runOnlyForDeploymentPostprocessing = 1;
			shellPath = /bin/sh;
			shellScript = "if which sentry-cli >/dev/null; then\nexport SENTRY_ORG=tikhon-systems\nexport SENTRY_PROJECT=medsenger-spirometer\nexport SENTRY_AUTH_TOKEN=57954d3467624d70a57e2d8a89d712763900e604b6b6498cacd62f8c0c44101f\nERROR=$(sentry-cli upload-dif \"$DWARF_DSYM_FOLDER_PATH\" 2>&1 >/dev/null)\nif [ ! $? -eq 0 ]; then\necho \"error: sentry-cli - $ERROR\"\nfi\nelse\necho \"error: sentry-cli not installed, download from https://github.com/getsentry/sentry-cli/releases\"\nfi\n";
		};
/* End PBXShellScriptBuildPhase section */

/* Begin PBXSourcesBuildPhase section */
		43F39C4D28BD07130098C96A /* Sources */ = {
			isa = PBXSourcesBuildPhase;
			buildActionMask = 2147483647;
			files = (
				43B17FED28CE7C5400D9475E /* RecordView.swift in Sources */,
				43F39C5728BD07130098C96A /* RootView.swift in Sources */,
				43D5867F28D5FC350029E5E7 /* View+NavigationBarTitle.swift in Sources */,
				435509D828D48D50005ECCB5 /* ConnectLabel.swift in Sources */,
				43F79A3128BF4607009102CB /* MainView.swift in Sources */,
				4307BEE528C7694C00465C9F /* AsyncQueue.swift in Sources */,
				4346FA7528D36E55009A0594 /* PersistenceController.swift in Sources */,
				43F39C6428BD07A10098C96A /* ContecSDK.swift in Sources */,
				43F79A2F28BF45F7009102CB /* ConnectView.swift in Sources */,
				43F39C5528BD07130098C96A /* spirometerApp.swift in Sources */,
				4346FA7328D36C8A009A0594 /* ContecSpirometer.xcdatamodeld in Sources */,
				43E60A6028CE5C280099088A /* LocalizedString+.swift in Sources */,
				43F39C6828BD08250098C96A /* DataSerializer.swift in Sources */,
				4307BEE728C7945E00465C9F /* ProfileView.swift in Sources */,
				43F39C6A28BD08E00098C96A /* ResultDataController.swift in Sources */,
				43F79A3328BF8375009102CB /* BLEController.swift in Sources */,
				4311B14F28C62CBA00FC0EA1 /* UserDefaults+AppPrefs.swift in Sources */,
				43F39C6628BD07E20098C96A /* ContecDeviceController.swift in Sources */,
				43F39C6D28BD09040098C96A /* Models.swift in Sources */,
				4326ACE128D87D53007BCCDA /* HapticFeedbackController.swift in Sources */,
				437A5C5128C22AEE00064C10 /* RecordLabel.swift in Sources */,
			);
			runOnlyForDeploymentPostprocessing = 0;
		};
/* End PBXSourcesBuildPhase section */

/* Begin PBXVariantGroup section */
		43E60A5D28CE588F0099088A /* Localizable.strings */ = {
			isa = PBXVariantGroup;
			children = (
				43E60A5C28CE588F0099088A /* en */,
				43E60A5E28CE58940099088A /* ru */,
				4326ACDD28D6843C007BCCDA /* en-GB */,
			);
			name = Localizable.strings;
			sourceTree = "<group>";
		};
/* End PBXVariantGroup section */

/* Begin XCBuildConfiguration section */
		43F39C5D28BD07150098C96A /* Debug */ = {
			isa = XCBuildConfiguration;
			buildSettings = {
				ALWAYS_SEARCH_USER_PATHS = NO;
				CLANG_ANALYZER_LOCALIZABILITY_NONLOCALIZED = YES;
				CLANG_ANALYZER_NONNULL = YES;
				CLANG_ANALYZER_NUMBER_OBJECT_CONVERSION = YES_AGGRESSIVE;
				CLANG_CXX_LANGUAGE_STANDARD = "gnu++17";
				CLANG_ENABLE_MODULES = YES;
				CLANG_ENABLE_OBJC_ARC = YES;
				CLANG_ENABLE_OBJC_WEAK = YES;
				CLANG_WARN_BLOCK_CAPTURE_AUTORELEASING = YES;
				CLANG_WARN_BOOL_CONVERSION = YES;
				CLANG_WARN_COMMA = YES;
				CLANG_WARN_CONSTANT_CONVERSION = YES;
				CLANG_WARN_DEPRECATED_OBJC_IMPLEMENTATIONS = YES;
				CLANG_WARN_DIRECT_OBJC_ISA_USAGE = YES_ERROR;
				CLANG_WARN_DOCUMENTATION_COMMENTS = YES;
				CLANG_WARN_EMPTY_BODY = YES;
				CLANG_WARN_ENUM_CONVERSION = YES;
				CLANG_WARN_INFINITE_RECURSION = YES;
				CLANG_WARN_INT_CONVERSION = YES;
				CLANG_WARN_NON_LITERAL_NULL_CONVERSION = YES;
				CLANG_WARN_OBJC_IMPLICIT_RETAIN_SELF = YES;
				CLANG_WARN_OBJC_LITERAL_CONVERSION = YES;
				CLANG_WARN_OBJC_ROOT_CLASS = YES_ERROR;
				CLANG_WARN_QUOTED_INCLUDE_IN_FRAMEWORK_HEADER = YES;
				CLANG_WARN_RANGE_LOOP_ANALYSIS = YES;
				CLANG_WARN_STRICT_PROTOTYPES = YES;
				CLANG_WARN_SUSPICIOUS_MOVE = YES;
				CLANG_WARN_UNGUARDED_AVAILABILITY = YES_AGGRESSIVE;
				CLANG_WARN_UNREACHABLE_CODE = YES;
				CLANG_WARN__DUPLICATE_METHOD_MATCH = YES;
				COPY_PHASE_STRIP = NO;
				DEBUG_INFORMATION_FORMAT = dwarf;
				ENABLE_STRICT_OBJC_MSGSEND = YES;
				ENABLE_TESTABILITY = YES;
				GCC_C_LANGUAGE_STANDARD = gnu11;
				GCC_DYNAMIC_NO_PIC = NO;
				GCC_NO_COMMON_BLOCKS = YES;
				GCC_OPTIMIZATION_LEVEL = 0;
				GCC_PREPROCESSOR_DEFINITIONS = (
					"DEBUG=1",
					"$(inherited)",
				);
				GCC_WARN_64_TO_32_BIT_CONVERSION = YES;
				GCC_WARN_ABOUT_RETURN_TYPE = YES_ERROR;
				GCC_WARN_UNDECLARED_SELECTOR = YES;
				GCC_WARN_UNINITIALIZED_AUTOS = YES_AGGRESSIVE;
				GCC_WARN_UNUSED_FUNCTION = YES;
				GCC_WARN_UNUSED_VARIABLE = YES;
				IPHONEOS_DEPLOYMENT_TARGET = 14.0;
				MTL_ENABLE_DEBUG_INFO = INCLUDE_SOURCE;
				MTL_FAST_MATH = YES;
				ONLY_ACTIVE_ARCH = YES;
				SDKROOT = iphoneos;
				SWIFT_ACTIVE_COMPILATION_CONDITIONS = DEBUG;
				SWIFT_OPTIMIZATION_LEVEL = "-Onone";
			};
			name = Debug;
		};
		43F39C5E28BD07150098C96A /* Release */ = {
			isa = XCBuildConfiguration;
			buildSettings = {
				ALWAYS_SEARCH_USER_PATHS = NO;
				CLANG_ANALYZER_LOCALIZABILITY_NONLOCALIZED = YES;
				CLANG_ANALYZER_NONNULL = YES;
				CLANG_ANALYZER_NUMBER_OBJECT_CONVERSION = YES_AGGRESSIVE;
				CLANG_CXX_LANGUAGE_STANDARD = "gnu++17";
				CLANG_ENABLE_MODULES = YES;
				CLANG_ENABLE_OBJC_ARC = YES;
				CLANG_ENABLE_OBJC_WEAK = YES;
				CLANG_WARN_BLOCK_CAPTURE_AUTORELEASING = YES;
				CLANG_WARN_BOOL_CONVERSION = YES;
				CLANG_WARN_COMMA = YES;
				CLANG_WARN_CONSTANT_CONVERSION = YES;
				CLANG_WARN_DEPRECATED_OBJC_IMPLEMENTATIONS = YES;
				CLANG_WARN_DIRECT_OBJC_ISA_USAGE = YES_ERROR;
				CLANG_WARN_DOCUMENTATION_COMMENTS = YES;
				CLANG_WARN_EMPTY_BODY = YES;
				CLANG_WARN_ENUM_CONVERSION = YES;
				CLANG_WARN_INFINITE_RECURSION = YES;
				CLANG_WARN_INT_CONVERSION = YES;
				CLANG_WARN_NON_LITERAL_NULL_CONVERSION = YES;
				CLANG_WARN_OBJC_IMPLICIT_RETAIN_SELF = YES;
				CLANG_WARN_OBJC_LITERAL_CONVERSION = YES;
				CLANG_WARN_OBJC_ROOT_CLASS = YES_ERROR;
				CLANG_WARN_QUOTED_INCLUDE_IN_FRAMEWORK_HEADER = YES;
				CLANG_WARN_RANGE_LOOP_ANALYSIS = YES;
				CLANG_WARN_STRICT_PROTOTYPES = YES;
				CLANG_WARN_SUSPICIOUS_MOVE = YES;
				CLANG_WARN_UNGUARDED_AVAILABILITY = YES_AGGRESSIVE;
				CLANG_WARN_UNREACHABLE_CODE = YES;
				CLANG_WARN__DUPLICATE_METHOD_MATCH = YES;
				COPY_PHASE_STRIP = NO;
				DEBUG_INFORMATION_FORMAT = "dwarf-with-dsym";
				ENABLE_NS_ASSERTIONS = NO;
				ENABLE_STRICT_OBJC_MSGSEND = YES;
				GCC_C_LANGUAGE_STANDARD = gnu11;
				GCC_NO_COMMON_BLOCKS = YES;
				GCC_WARN_64_TO_32_BIT_CONVERSION = YES;
				GCC_WARN_ABOUT_RETURN_TYPE = YES_ERROR;
				GCC_WARN_UNDECLARED_SELECTOR = YES;
				GCC_WARN_UNINITIALIZED_AUTOS = YES_AGGRESSIVE;
				GCC_WARN_UNUSED_FUNCTION = YES;
				GCC_WARN_UNUSED_VARIABLE = YES;
				IPHONEOS_DEPLOYMENT_TARGET = 14.0;
				MTL_ENABLE_DEBUG_INFO = NO;
				MTL_FAST_MATH = YES;
				SDKROOT = iphoneos;
				SWIFT_COMPILATION_MODE = wholemodule;
				SWIFT_OPTIMIZATION_LEVEL = "-O";
				VALIDATE_PRODUCT = YES;
			};
			name = Release;
		};
		43F39C6028BD07150098C96A /* Debug */ = {
			isa = XCBuildConfiguration;
			buildSettings = {
				ASSETCATALOG_COMPILER_APPICON_NAME = AppIcon;
				ASSETCATALOG_COMPILER_GLOBAL_ACCENT_COLOR_NAME = AccentColor;
				CODE_SIGN_ENTITLEMENTS = spirometer/spirometer.entitlements;
				CODE_SIGN_STYLE = Automatic;
				CURRENT_PROJECT_VERSION = 6;
				DEVELOPMENT_ASSET_PATHS = "\"spirometer/Preview Content\"";
				DEVELOPMENT_TEAM = CRF22TKXX5;
				ENABLE_PREVIEWS = YES;
				GENERATE_INFOPLIST_FILE = YES;
				INFOPLIST_KEY_CFBundleDisplayName = "Medsenger Spirometer";
				INFOPLIST_KEY_LSApplicationCategoryType = "public.app-category.medical";
				INFOPLIST_KEY_NSBluetoothAlwaysUsageDescription = "App uses Bluetooth to connect to Contec Spirometer";
				INFOPLIST_KEY_UIApplicationSceneManifest_Generation = YES;
				INFOPLIST_KEY_UIApplicationSupportsIndirectInputEvents = YES;
				INFOPLIST_KEY_UILaunchScreen_Generation = YES;
				INFOPLIST_KEY_UISupportedInterfaceOrientations = UIInterfaceOrientationPortrait;
				INFOPLIST_KEY_UISupportedInterfaceOrientations_iPad = "UIInterfaceOrientationLandscapeLeft UIInterfaceOrientationLandscapeRight UIInterfaceOrientationPortrait UIInterfaceOrientationPortraitUpsideDown";
				IPHONEOS_DEPLOYMENT_TARGET = 14.0;
				LD_RUNPATH_SEARCH_PATHS = (
					"$(inherited)",
					"@executable_path/Frameworks",
				);
				MARKETING_VERSION = 1.0.2;
				OTHER_SWIFT_FLAGS = "";
				PRODUCT_BUNDLE_IDENTIFIER = ru.medsenger.contec;
				PRODUCT_NAME = "Contec Spirometer";
				SUPPORTED_PLATFORMS = "iphoneos iphonesimulator";
				SUPPORTS_MACCATALYST = NO;
				SUPPORTS_MAC_DESIGNED_FOR_IPHONE_IPAD = YES;
				SWIFT_EMIT_LOC_STRINGS = YES;
				SWIFT_VERSION = 5.0;
				TARGETED_DEVICE_FAMILY = 1;
			};
			name = Debug;
		};
		43F39C6128BD07150098C96A /* Release */ = {
			isa = XCBuildConfiguration;
			buildSettings = {
				ASSETCATALOG_COMPILER_APPICON_NAME = AppIcon;
				ASSETCATALOG_COMPILER_GLOBAL_ACCENT_COLOR_NAME = AccentColor;
				CODE_SIGN_ENTITLEMENTS = spirometer/spirometer.entitlements;
				CODE_SIGN_STYLE = Automatic;
				CURRENT_PROJECT_VERSION = 6;
				DEVELOPMENT_ASSET_PATHS = "\"spirometer/Preview Content\"";
				DEVELOPMENT_TEAM = CRF22TKXX5;
				ENABLE_PREVIEWS = YES;
				GENERATE_INFOPLIST_FILE = YES;
				INFOPLIST_KEY_CFBundleDisplayName = "Medsenger Spirometer";
				INFOPLIST_KEY_LSApplicationCategoryType = "public.app-category.medical";
				INFOPLIST_KEY_NSBluetoothAlwaysUsageDescription = "App uses Bluetooth to connect to Contec Spirometer";
				INFOPLIST_KEY_UIApplicationSceneManifest_Generation = YES;
				INFOPLIST_KEY_UIApplicationSupportsIndirectInputEvents = YES;
				INFOPLIST_KEY_UILaunchScreen_Generation = YES;
				INFOPLIST_KEY_UISupportedInterfaceOrientations = UIInterfaceOrientationPortrait;
				INFOPLIST_KEY_UISupportedInterfaceOrientations_iPad = "UIInterfaceOrientationLandscapeLeft UIInterfaceOrientationLandscapeRight UIInterfaceOrientationPortrait UIInterfaceOrientationPortraitUpsideDown";
				IPHONEOS_DEPLOYMENT_TARGET = 14.0;
				LD_RUNPATH_SEARCH_PATHS = (
					"$(inherited)",
					"@executable_path/Frameworks",
				);
				MARKETING_VERSION = 1.0.2;
				OTHER_SWIFT_FLAGS = "";
				PRODUCT_BUNDLE_IDENTIFIER = ru.medsenger.contec;
				PRODUCT_NAME = "Contec Spirometer";
				SUPPORTED_PLATFORMS = "iphoneos iphonesimulator";
				SUPPORTS_MACCATALYST = NO;
				SUPPORTS_MAC_DESIGNED_FOR_IPHONE_IPAD = YES;
				SWIFT_EMIT_LOC_STRINGS = YES;
				SWIFT_VERSION = 5.0;
				TARGETED_DEVICE_FAMILY = 1;
			};
			name = Release;
		};
/* End XCBuildConfiguration section */

/* Begin XCConfigurationList section */
		43F39C4C28BD07130098C96A /* Build configuration list for PBXProject "Contec Spirometer" */ = {
			isa = XCConfigurationList;
			buildConfigurations = (
				43F39C5D28BD07150098C96A /* Debug */,
				43F39C5E28BD07150098C96A /* Release */,
			);
			defaultConfigurationIsVisible = 0;
			defaultConfigurationName = Release;
		};
		43F39C5F28BD07150098C96A /* Build configuration list for PBXNativeTarget "Contec Spirometer" */ = {
			isa = XCConfigurationList;
			buildConfigurations = (
				43F39C6028BD07150098C96A /* Debug */,
				43F39C6128BD07150098C96A /* Release */,
			);
			defaultConfigurationIsVisible = 0;
			defaultConfigurationName = Release;
		};
/* End XCConfigurationList section */

/* Begin XCRemoteSwiftPackageReference section */
		4326ACD828D66487007BCCDA /* XCRemoteSwiftPackageReference "sentry-cocoa" */ = {
			isa = XCRemoteSwiftPackageReference;
			repositoryURL = "https://github.com/getsentry/sentry-cocoa.git";
			requirement = {
				kind = upToNextMajorVersion;
				minimumVersion = 7.0.0;
			};
		};
/* End XCRemoteSwiftPackageReference section */

/* Begin XCSwiftPackageProductDependency section */
		4326ACD928D66487007BCCDA /* Sentry */ = {
			isa = XCSwiftPackageProductDependency;
			package = 4326ACD828D66487007BCCDA /* XCRemoteSwiftPackageReference "sentry-cocoa" */;
			productName = Sentry;
		};
/* End XCSwiftPackageProductDependency section */

/* Begin XCVersionGroup section */
		4346FA7128D36C8A009A0594 /* ContecSpirometer.xcdatamodeld */ = {
			isa = XCVersionGroup;
			children = (
				4346FA7228D36C8A009A0594 /* ContecSpirometer.xcdatamodel */,
			);
			currentVersion = 4346FA7228D36C8A009A0594 /* ContecSpirometer.xcdatamodel */;
			path = ContecSpirometer.xcdatamodeld;
			sourceTree = "<group>";
			versionGroupType = wrapper.xcdatamodel;
		};
/* End XCVersionGroup section */
	};
	rootObject = 43F39C4928BD07130098C96A /* Project object */;
}
