{
  "pins" : [
    {
      "identity" : "sentry-cocoa",
      "kind" : "remoteSourceControl",
      "location" : "https://github.com/getsentry/sentry-cocoa.git",
      "state" : {
        "revision" : "199000acd6a0a3f9c8e0bff03ef233f930993c71",
        "version" : "7.25.1"
      }
    }
  ],
  "version" : 2
}
