{
  "pins" : [
    {
      "identity" : "sentry-cocoa",
      "kind" : "remoteSourceControl",
      "location" : "https://github.com/getsentry/sentry-cocoa.git",
      "state" : {
        "revision" : "30fae09fdd5b41e81b8f20fd29a197340c8c71ab",
        "version" : "7.26.0"
      }
    }
  ],
  "version" : 2
}
